
Microsoft Visual Studio Solution File, Format Version 12.00
# Visual Studio Version 16
VisualStudioVersion = 16.0.30011.22
MinimumVisualStudioVersion = 10.0.40219.1
Project("{9A19103F-16F7-4668-BE54-9A1E7A4F7556}") = "MG.BL", "MG.BL\MG.BL.csproj", "{D64BE3EB-1D01-4761-8CE2-879045EC07E3}"
EndProject
Project("{9A19103F-16F7-4668-BE54-9A1E7A4F7556}") = "MG.BL.Tests", "MG.BL.Tests\MG.BL.Tests.csproj", "{41D7759B-3F56-4EF3-A0AA-4142781C784D}"
EndProject
Project("{9A19103F-16F7-4668-BE54-9A1E7A4F7556}") = "MG.API", "MG.API\MG.API.csproj", "{61F21303-94DE-4D95-A3F5-74377210B8E7}"
EndProject
Project("{9A19103F-16F7-4668-BE54-9A1E7A4F7556}") = "MG.ClientApp", "MG.ClientApp\MG.ClientApp.csproj", "{A7CB05E2-1FB2-455C-9836-8EA9EF804CB1}"
EndProject
Global
	GlobalSection(SolutionConfigurationPlatforms) = preSolution
		Debug|Any CPU = Debug|Any CPU
		Release|Any CPU = Release|Any CPU
	EndGlobalSection
	GlobalSection(ProjectConfigurationPlatforms) = postSolution
		{D64BE3EB-1D01-4761-8CE2-879045EC07E3}.Debug|Any CPU.ActiveCfg = Debug|Any CPU
		{D64BE3EB-1D01-4761-8CE2-879045EC07E3}.Debug|Any CPU.Build.0 = Debug|Any CPU
		{D64BE3EB-1D01-4761-8CE2-879045EC07E3}.Release|Any CPU.ActiveCfg = Release|Any CPU
		{D64BE3EB-1D01-4761-8CE2-879045EC07E3}.Release|Any CPU.Build.0 = Release|Any CPU
		{41D7759B-3F56-4EF3-A0AA-4142781C784D}.Debug|Any CPU.ActiveCfg = Debug|Any CPU
		{41D7759B-3F56-4EF3-A0AA-4142781C784D}.Debug|Any CPU.Build.0 = Debug|Any CPU
		{41D7759B-3F56-4EF3-A0AA-4142781C784D}.Release|Any CPU.ActiveCfg = Release|Any CPU
		{41D7759B-3F56-4EF3-A0AA-4142781C784D}.Release|Any CPU.Build.0 = Release|Any CPU
		{61F21303-94DE-4D95-A3F5-74377210B8E7}.Debug|Any CPU.ActiveCfg = Debug|Any CPU
		{61F21303-94DE-4D95-A3F5-74377210B8E7}.Debug|Any CPU.Build.0 = Debug|Any CPU
		{61F21303-94DE-4D95-A3F5-74377210B8E7}.Release|Any CPU.ActiveCfg = Release|Any CPU
		{61F21303-94DE-4D95-A3F5-74377210B8E7}.Release|Any CPU.Build.0 = Release|Any CPU
		{A7CB05E2-1FB2-455C-9836-8EA9EF804CB1}.Debug|Any CPU.ActiveCfg = Debug|Any CPU
		{A7CB05E2-1FB2-455C-9836-8EA9EF804CB1}.Debug|Any CPU.Build.0 = Debug|Any CPU
		{A7CB05E2-1FB2-455C-9836-8EA9EF804CB1}.Release|Any CPU.ActiveCfg = Release|Any CPU
		{A7CB05E2-1FB2-455C-9836-8EA9EF804CB1}.Release|Any CPU.Build.0 = Release|Any CPU
	EndGlobalSection
	GlobalSection(SolutionProperties) = preSolution
		HideSolutionNode = FALSE
	EndGlobalSection
	GlobalSection(ExtensibilityGlobals) = postSolution
		SolutionGuid = {0F36F1BD-2B23-41A6-9C9E-BA758B89F600}
	EndGlobalSection
EndGlobal
